
Microsoft Visual Studio Solution File, Format Version 12.00
# Visual Studio Version 17
VisualStudioVersion = 17.0.31903.59
MinimumVisualStudioVersion = 10.0.40219.1
Project("{FAE04EC0-301F-11D3-BF4B-00C04F79EFBC}") = "ApiGateway", "ApiGateway\ApiGateway.csproj", "{9D2CE270-4859-4E36-AC7D-8D4AE18B63AA}"
EndProject
Project("{2150E333-8FDC-42A3-9474-1A3956D46DE8}") = "Services", "Services", "{5854FF58-B8C5-05C6-5BF2-ACE42193F22B}"
EndProject
Project("{FAE04EC0-301F-11D3-BF4B-00C04F79EFBC}") = "Auth.Service", "Services\Auth.Service\Auth.Service.csproj", "{94716F19-3CD5-45CC-85F0-27AE7C95B3A7}"
EndProject
Project("{FAE04EC0-301F-11D3-BF4B-00C04F79EFBC}") = "Depreciation.Service", "Services\Depreciation.Service\Depreciation.Service.csproj", "{1894220E-EA7F-4ED6-B870-59A4A11F4A7B}"
EndProject
Project("{FAE04EC0-301F-11D3-BF4B-00C04F79EFBC}") = "Export.Service", "Services\Export.Service\Export.Service.csproj", "{76BBF80B-D527-41C2-8AA0-D50875559F38}"
EndProject
Project("{2150E333-8FDC-42A3-9474-1A3956D46DE8}") = "1. Auth", "1. Auth", "{33CA9144-48DD-4F8D-9027-832E7FB0A1DE}"
EndProject
Project("{FAE04EC0-301F-11D3-BF4B-00C04F79EFBC}") = "Auth.Domain", "1. Auth\Auth.Domain\Auth.Domain.csproj", "{9B5B8DDF-2B02-4507-BEB6-7D9266884CAC}"
EndProject
Project("{FAE04EC0-301F-11D3-BF4B-00C04F79EFBC}") = "Auth.Application", "1. Auth\Auth.Application\Auth.Application.csproj", "{09A5A2A0-2DCA-48AC-B0E1-BA9A4D0A46C4}"
EndProject
Project("{FAE04EC0-301F-11D3-BF4B-00C04F79EFBC}") = "Auth.Infrastructure", "1. Auth\Auth.Infrastructure\Auth.Infrastructure.csproj", "{7D342637-2A13-4D44-A1E6-163340A611CB}"
EndProject
Project("{FAE04EC0-301F-11D3-BF4B-00C04F79EFBC}") = "Auth.API", "1. Auth\Auth.API\Auth.API.csproj", "{7C034F09-8CAE-4C9C-96F5-3FF3E116029D}"
EndProject
Global
	GlobalSection(SolutionConfigurationPlatforms) = preSolution
		Debug|Any CPU = Debug|Any CPU
		Debug|x64 = Debug|x64
		Debug|x86 = Debug|x86
		Release|Any CPU = Release|Any CPU
		Release|x64 = Release|x64
		Release|x86 = Release|x86
	EndGlobalSection
	GlobalSection(ProjectConfigurationPlatforms) = postSolution
		{9D2CE270-4859-4E36-AC7D-8D4AE18B63AA}.Debug|Any CPU.ActiveCfg = Debug|Any CPU
		{9D2CE270-4859-4E36-AC7D-8D4AE18B63AA}.Debug|Any CPU.Build.0 = Debug|Any CPU
		{9D2CE270-4859-4E36-AC7D-8D4AE18B63AA}.Debug|x64.ActiveCfg = Debug|Any CPU
		{9D2CE270-4859-4E36-AC7D-8D4AE18B63AA}.Debug|x64.Build.0 = Debug|Any CPU
		{9D2CE270-4859-4E36-AC7D-8D4AE18B63AA}.Debug|x86.ActiveCfg = Debug|Any CPU
		{9D2CE270-4859-4E36-AC7D-8D4AE18B63AA}.Debug|x86.Build.0 = Debug|Any CPU
		{9D2CE270-4859-4E36-AC7D-8D4AE18B63AA}.Release|Any CPU.ActiveCfg = Release|Any CPU
		{9D2CE270-4859-4E36-AC7D-8D4AE18B63AA}.Release|Any CPU.Build.0 = Release|Any CPU
		{9D2CE270-4859-4E36-AC7D-8D4AE18B63AA}.Release|x64.ActiveCfg = Release|Any CPU
		{9D2CE270-4859-4E36-AC7D-8D4AE18B63AA}.Release|x64.Build.0 = Release|Any CPU
		{9D2CE270-4859-4E36-AC7D-8D4AE18B63AA}.Release|x86.ActiveCfg = Release|Any CPU
		{9D2CE270-4859-4E36-AC7D-8D4AE18B63AA}.Release|x86.Build.0 = Release|Any CPU
		{94716F19-3CD5-45CC-85F0-27AE7C95B3A7}.Debug|Any CPU.ActiveCfg = Debug|Any CPU
		{94716F19-3CD5-45CC-85F0-27AE7C95B3A7}.Debug|Any CPU.Build.0 = Debug|Any CPU
		{94716F19-3CD5-45CC-85F0-27AE7C95B3A7}.Debug|x64.ActiveCfg = Debug|Any CPU
		{94716F19-3CD5-45CC-85F0-27AE7C95B3A7}.Debug|x64.Build.0 = Debug|Any CPU
		{94716F19-3CD5-45CC-85F0-27AE7C95B3A7}.Debug|x86.ActiveCfg = Debug|Any CPU
		{94716F19-3CD5-45CC-85F0-27AE7C95B3A7}.Debug|x86.Build.0 = Debug|Any CPU
		{94716F19-3CD5-45CC-85F0-27AE7C95B3A7}.Release|Any CPU.ActiveCfg = Release|Any CPU
		{94716F19-3CD5-45CC-85F0-27AE7C95B3A7}.Release|Any CPU.Build.0 = Release|Any CPU
		{94716F19-3CD5-45CC-85F0-27AE7C95B3A7}.Release|x64.ActiveCfg = Release|Any CPU
		{94716F19-3CD5-45CC-85F0-27AE7C95B3A7}.Release|x64.Build.0 = Release|Any CPU
		{94716F19-3CD5-45CC-85F0-27AE7C95B3A7}.Release|x86.ActiveCfg = Release|Any CPU
		{94716F19-3CD5-45CC-85F0-27AE7C95B3A7}.Release|x86.Build.0 = Release|Any CPU
		{1894220E-EA7F-4ED6-B870-59A4A11F4A7B}.Debug|Any CPU.ActiveCfg = Debug|Any CPU
		{1894220E-EA7F-4ED6-B870-59A4A11F4A7B}.Debug|Any CPU.Build.0 = Debug|Any CPU
		{1894220E-EA7F-4ED6-B870-59A4A11F4A7B}.Debug|x64.ActiveCfg = Debug|Any CPU
		{1894220E-EA7F-4ED6-B870-59A4A11F4A7B}.Debug|x64.Build.0 = Debug|Any CPU
		{1894220E-EA7F-4ED6-B870-59A4A11F4A7B}.Debug|x86.ActiveCfg = Debug|Any CPU
		{1894220E-EA7F-4ED6-B870-59A4A11F4A7B}.Debug|x86.Build.0 = Debug|Any CPU
		{1894220E-EA7F-4ED6-B870-59A4A11F4A7B}.Release|Any CPU.ActiveCfg = Release|Any CPU
		{1894220E-EA7F-4ED6-B870-59A4A11F4A7B}.Release|Any CPU.Build.0 = Release|Any CPU
		{1894220E-EA7F-4ED6-B870-59A4A11F4A7B}.Release|x64.ActiveCfg = Release|Any CPU
		{1894220E-EA7F-4ED6-B870-59A4A11F4A7B}.Release|x64.Build.0 = Release|Any CPU
		{1894220E-EA7F-4ED6-B870-59A4A11F4A7B}.Release|x86.ActiveCfg = Release|Any CPU
		{1894220E-EA7F-4ED6-B870-59A4A11F4A7B}.Release|x86.Build.0 = Release|Any CPU
		{76BBF80B-D527-41C2-8AA0-D50875559F38}.Debug|Any CPU.ActiveCfg = Debug|Any CPU
		{76BBF80B-D527-41C2-8AA0-D50875559F38}.Debug|Any CPU.Build.0 = Debug|Any CPU
		{76BBF80B-D527-41C2-8AA0-D50875559F38}.Debug|x64.ActiveCfg = Debug|Any CPU
		{76BBF80B-D527-41C2-8AA0-D50875559F38}.Debug|x64.Build.0 = Debug|Any CPU
		{76BBF80B-D527-41C2-8AA0-D50875559F38}.Debug|x86.ActiveCfg = Debug|Any CPU
		{76BBF80B-D527-41C2-8AA0-D50875559F38}.Debug|x86.Build.0 = Debug|Any CPU
		{76BBF80B-D527-41C2-8AA0-D50875559F38}.Release|Any CPU.ActiveCfg = Release|Any CPU
		{76BBF80B-D527-41C2-8AA0-D50875559F38}.Release|Any CPU.Build.0 = Release|Any CPU
		{76BBF80B-D527-41C2-8AA0-D50875559F38}.Release|x64.ActiveCfg = Release|Any CPU
		{76BBF80B-D527-41C2-8AA0-D50875559F38}.Release|x64.Build.0 = Release|Any CPU
		{76BBF80B-D527-41C2-8AA0-D50875559F38}.Release|x86.ActiveCfg = Release|Any CPU
		{76BBF80B-D527-41C2-8AA0-D50875559F38}.Release|x86.Build.0 = Release|Any CPU
		{9B5B8DDF-2B02-4507-BEB6-7D9266884CAC}.Debug|Any CPU.ActiveCfg = Debug|Any CPU
		{9B5B8DDF-2B02-4507-BEB6-7D9266884CAC}.Debug|Any CPU.Build.0 = Debug|Any CPU
		{9B5B8DDF-2B02-4507-BEB6-7D9266884CAC}.Debug|x64.ActiveCfg = Debug|Any CPU
		{9B5B8DDF-2B02-4507-BEB6-7D9266884CAC}.Debug|x64.Build.0 = Debug|Any CPU
		{9B5B8DDF-2B02-4507-BEB6-7D9266884CAC}.Debug|x86.ActiveCfg = Debug|Any CPU
		{9B5B8DDF-2B02-4507-BEB6-7D9266884CAC}.Debug|x86.Build.0 = Debug|Any CPU
		{9B5B8DDF-2B02-4507-BEB6-7D9266884CAC}.Release|Any CPU.ActiveCfg = Release|Any CPU
		{9B5B8DDF-2B02-4507-BEB6-7D9266884CAC}.Release|Any CPU.Build.0 = Release|Any CPU
		{9B5B8DDF-2B02-4507-BEB6-7D9266884CAC}.Release|x64.ActiveCfg = Release|Any CPU
		{9B5B8DDF-2B02-4507-BEB6-7D9266884CAC}.Release|x64.Build.0 = Release|Any CPU
		{9B5B8DDF-2B02-4507-BEB6-7D9266884CAC}.Release|x86.ActiveCfg = Release|Any CPU
		{9B5B8DDF-2B02-4507-BEB6-7D9266884CAC}.Release|x86.Build.0 = Release|Any CPU
		{09A5A2A0-2DCA-48AC-B0E1-BA9A4D0A46C4}.Debug|Any CPU.ActiveCfg = Debug|Any CPU
		{09A5A2A0-2DCA-48AC-B0E1-BA9A4D0A46C4}.Debug|Any CPU.Build.0 = Debug|Any CPU
		{09A5A2A0-2DCA-48AC-B0E1-BA9A4D0A46C4}.Debug|x64.ActiveCfg = Debug|Any CPU
		{09A5A2A0-2DCA-48AC-B0E1-BA9A4D0A46C4}.Debug|x64.Build.0 = Debug|Any CPU
		{09A5A2A0-2DCA-48AC-B0E1-BA9A4D0A46C4}.Debug|x86.ActiveCfg = Debug|Any CPU
		{09A5A2A0-2DCA-48AC-B0E1-BA9A4D0A46C4}.Debug|x86.Build.0 = Debug|Any CPU
		{09A5A2A0-2DCA-48AC-B0E1-BA9A4D0A46C4}.Release|Any CPU.ActiveCfg = Release|Any CPU
		{09A5A2A0-2DCA-48AC-B0E1-BA9A4D0A46C4}.Release|Any CPU.Build.0 = Release|Any CPU
		{09A5A2A0-2DCA-48AC-B0E1-BA9A4D0A46C4}.Release|x64.ActiveCfg = Release|Any CPU
		{09A5A2A0-2DCA-48AC-B0E1-BA9A4D0A46C4}.Release|x64.Build.0 = Release|Any CPU
		{09A5A2A0-2DCA-48AC-B0E1-BA9A4D0A46C4}.Release|x86.ActiveCfg = Release|Any CPU
		{09A5A2A0-2DCA-48AC-B0E1-BA9A4D0A46C4}.Release|x86.Build.0 = Release|Any CPU
		{7D342637-2A13-4D44-A1E6-163340A611CB}.Debug|Any CPU.ActiveCfg = Debug|Any CPU
		{7D342637-2A13-4D44-A1E6-163340A611CB}.Debug|Any CPU.Build.0 = Debug|Any CPU
		{7D342637-2A13-4D44-A1E6-163340A611CB}.Debug|x64.ActiveCfg = Debug|Any CPU
		{7D342637-2A13-4D44-A1E6-163340A611CB}.Debug|x64.Build.0 = Debug|Any CPU
		{7D342637-2A13-4D44-A1E6-163340A611CB}.Debug|x86.ActiveCfg = Debug|Any CPU
		{7D342637-2A13-4D44-A1E6-163340A611CB}.Debug|x86.Build.0 = Debug|Any CPU
		{7D342637-2A13-4D44-A1E6-163340A611CB}.Release|Any CPU.ActiveCfg = Release|Any CPU
		{7D342637-2A13-4D44-A1E6-163340A611CB}.Release|Any CPU.Build.0 = Release|Any CPU
		{7D342637-2A13-4D44-A1E6-163340A611CB}.Release|x64.ActiveCfg = Release|Any CPU
		{7D342637-2A13-4D44-A1E6-163340A611CB}.Release|x64.Build.0 = Release|Any CPU
		{7D342637-2A13-4D44-A1E6-163340A611CB}.Release|x86.ActiveCfg = Release|Any CPU
		{7D342637-2A13-4D44-A1E6-163340A611CB}.Release|x86.Build.0 = Release|Any CPU
		{7C034F09-8CAE-4C9C-96F5-3FF3E116029D}.Debug|Any CPU.ActiveCfg = Debug|Any CPU
		{7C034F09-8CAE-4C9C-96F5-3FF3E116029D}.Debug|Any CPU.Build.0 = Debug|Any CPU
		{7C034F09-8CAE-4C9C-96F5-3FF3E116029D}.Debug|x64.ActiveCfg = Debug|Any CPU
		{7C034F09-8CAE-4C9C-96F5-3FF3E116029D}.Debug|x64.Build.0 = Debug|Any CPU
		{7C034F09-8CAE-4C9C-96F5-3FF3E116029D}.Debug|x86.ActiveCfg = Debug|Any CPU
		{7C034F09-8CAE-4C9C-96F5-3FF3E116029D}.Debug|x86.Build.0 = Debug|Any CPU
		{7C034F09-8CAE-4C9C-96F5-3FF3E116029D}.Release|Any CPU.ActiveCfg = Release|Any CPU
		{7C034F09-8CAE-4C9C-96F5-3FF3E116029D}.Release|Any CPU.Build.0 = Release|Any CPU
		{7C034F09-8CAE-4C9C-96F5-3FF3E116029D}.Release|x64.ActiveCfg = Release|Any CPU
		{7C034F09-8CAE-4C9C-96F5-3FF3E116029D}.Release|x64.Build.0 = Release|Any CPU
		{7C034F09-8CAE-4C9C-96F5-3FF3E116029D}.Release|x86.ActiveCfg = Release|Any CPU
		{7C034F09-8CAE-4C9C-96F5-3FF3E116029D}.Release|x86.Build.0 = Release|Any CPU
	EndGlobalSection
	GlobalSection(SolutionProperties) = preSolution
		HideSolutionNode = FALSE
	EndGlobalSection
	GlobalSection(NestedProjects) = preSolution
		{94716F19-3CD5-45CC-85F0-27AE7C95B3A7} = {5854FF58-B8C5-05C6-5BF2-ACE42193F22B}
		{1894220E-EA7F-4ED6-B870-59A4A11F4A7B} = {5854FF58-B8C5-05C6-5BF2-ACE42193F22B}
		{76BBF80B-D527-41C2-8AA0-D50875559F38} = {5854FF58-B8C5-05C6-5BF2-ACE42193F22B}
		{9B5B8DDF-2B02-4507-BEB6-7D9266884CAC} = {33CA9144-48DD-4F8D-9027-832E7FB0A1DE}
		{09A5A2A0-2DCA-48AC-B0E1-BA9A4D0A46C4} = {33CA9144-48DD-4F8D-9027-832E7FB0A1DE}
		{7D342637-2A13-4D44-A1E6-163340A611CB} = {33CA9144-48DD-4F8D-9027-832E7FB0A1DE}
		{7C034F09-8CAE-4C9C-96F5-3FF3E116029D} = {33CA9144-48DD-4F8D-9027-832E7FB0A1DE}
	EndGlobalSection
EndGlobal
