
Microsoft Visual Studio Solution File, Format Version 12.00
# Visual Studio Version 17
VisualStudioVersion = 17.0.31903.59
MinimumVisualStudioVersion = 10.0.40219.1
Project("{2150E333-8FDC-42A3-9474-1A3956D46DE8}") = "0. Gateway", "0. Gateway", "{8C68E03A-5DF7-4DE9-9F4C-EF913CC7C588}"
EndProject
Project("{FAE04EC0-301F-11D3-BF4B-00C04F79EFBC}") = "ApiGateway", "0. Gateway\ApiGateway\ApiGateway.csproj", "{A05D02CD-A66D-4A7F-8872-60216F6ADFD7}"
EndProject
Project("{2150E333-8FDC-42A3-9474-1A3956D46DE8}") = "1. Auth", "1. Auth", "{689FFE4F-338A-4D7D-9297-C378A28E246E}"
EndProject
Project("{FAE04EC0-301F-11D3-BF4B-00C04F79EFBC}") = "Auth.Domain", "1. Auth\Auth.Domain\Auth.Domain.csproj", "{61B5F258-9242-4FCD-A0F9-575E97A294C4}"
EndProject
Project("{FAE04EC0-301F-11D3-BF4B-00C04F79EFBC}") = "Auth.Application", "1. Auth\Auth.Application\Auth.Application.csproj", "{79947B76-C284-472D-97E4-CFE94347D02C}"
EndProject
Project("{FAE04EC0-301F-11D3-BF4B-00C04F79EFBC}") = "Auth.Infrastructure", "1. Auth\Auth.Infrastructure\Auth.Infrastructure.csproj", "{D9CD1B4E-A8DC-42AF-8E1D-1BF336419F04}"
EndProject
Project("{FAE04EC0-301F-11D3-BF4B-00C04F79EFBC}") = "Auth.API", "1. Auth\Auth.API\Auth.API.csproj", "{E6853557-69E0-4116-BC4E-DD80E25C3015}"
EndProject
Project("{2150E333-8FDC-42A3-9474-1A3956D46DE8}") = "2. Depreciacion", "2. Depreciacion", "{6862FA70-EA39-A9CF-7AA4-E0148E6403B1}"
EndProject
Project("{FAE04EC0-301F-11D3-BF4B-00C04F79EFBC}") = "Depreciacion.Domain", "2. Depreciacion\Depreciacion.Domain\Depreciacion.Domain.csproj", "{FE4FF215-F6B1-4883-BF61-59451F9DB7C4}"
EndProject
Project("{FAE04EC0-301F-11D3-BF4B-00C04F79EFBC}") = "Depreciacion.Application", "2. Depreciacion\Depreciacion.Application\Depreciacion.Application.csproj", "{77F98C8F-F6C7-4F53-A2AC-B8C4444B0899}"
EndProject
Project("{FAE04EC0-301F-11D3-BF4B-00C04F79EFBC}") = "Depreciacion.Infrastructure", "2. Depreciacion\Depreciacion.Infrastructure\Depreciacion.Infrastructure.csproj", "{BA26DFBC-D943-4819-B31E-CC74AB7BF2C3}"
EndProject
Project("{FAE04EC0-301F-11D3-BF4B-00C04F79EFBC}") = "Depreciacion.API", "2. Depreciacion\Depreciacion.API\Depreciacion.API.csproj", "{0C490EDE-6EC6-4F8E-B52F-A21AB89F84C8}"
EndProject
Project("{2150E333-8FDC-42A3-9474-1A3956D46DE8}") = "3. PDF", "3. PDF", "{B0F9E72F-93CB-4055-9770-0DAD43E7F56F}"
EndProject
Project("{FAE04EC0-301F-11D3-BF4B-00C04F79EFBC}") = "Pdf.Domain", "3. PDF\Pdf.Domain\Pdf.Domain.csproj", "{7DCE83F0-C481-4792-89E7-62F95E06E643}"
EndProject
Project("{FAE04EC0-301F-11D3-BF4B-00C04F79EFBC}") = "Pdf.Application", "3. PDF\Pdf.Application\Pdf.Application.csproj", "{2EAE0EF2-729B-45B7-94A6-7B6006220F58}"
EndProject
Project("{FAE04EC0-301F-11D3-BF4B-00C04F79EFBC}") = "Pdf.Infrastructure", "3. PDF\Pdf.Infrastructure\Pdf.Infrastructure.csproj", "{FF50FAB2-F32C-48FB-8583-E4CE1B265DE0}"
EndProject
Project("{FAE04EC0-301F-11D3-BF4B-00C04F79EFBC}") = "Pdf.API", "3. PDF\Pdf.API\Pdf.API.csproj", "{2BA364F8-E7F0-4613-8C3A-A17C8DB9D139}"
EndProject
Global
	GlobalSection(SolutionConfigurationPlatforms) = preSolution
		Debug|Any CPU = Debug|Any CPU
		Debug|x64 = Debug|x64
		Debug|x86 = Debug|x86
		Release|Any CPU = Release|Any CPU
		Release|x64 = Release|x64
		Release|x86 = Release|x86
	EndGlobalSection
	GlobalSection(ProjectConfigurationPlatforms) = postSolution
		{A05D02CD-A66D-4A7F-8872-60216F6ADFD7}.Debug|Any CPU.ActiveCfg = Debug|Any CPU
		{A05D02CD-A66D-4A7F-8872-60216F6ADFD7}.Debug|Any CPU.Build.0 = Debug|Any CPU
		{A05D02CD-A66D-4A7F-8872-60216F6ADFD7}.Debug|x64.ActiveCfg = Debug|Any CPU
		{A05D02CD-A66D-4A7F-8872-60216F6ADFD7}.Debug|x64.Build.0 = Debug|Any CPU
		{A05D02CD-A66D-4A7F-8872-60216F6ADFD7}.Debug|x86.ActiveCfg = Debug|Any CPU
		{A05D02CD-A66D-4A7F-8872-60216F6ADFD7}.Debug|x86.Build.0 = Debug|Any CPU
		{A05D02CD-A66D-4A7F-8872-60216F6ADFD7}.Release|Any CPU.ActiveCfg = Release|Any CPU
		{A05D02CD-A66D-4A7F-8872-60216F6ADFD7}.Release|Any CPU.Build.0 = Release|Any CPU
		{A05D02CD-A66D-4A7F-8872-60216F6ADFD7}.Release|x64.ActiveCfg = Release|Any CPU
		{A05D02CD-A66D-4A7F-8872-60216F6ADFD7}.Release|x64.Build.0 = Release|Any CPU
		{A05D02CD-A66D-4A7F-8872-60216F6ADFD7}.Release|x86.ActiveCfg = Release|Any CPU
		{A05D02CD-A66D-4A7F-8872-60216F6ADFD7}.Release|x86.Build.0 = Release|Any CPU
		{61B5F258-9242-4FCD-A0F9-575E97A294C4}.Debug|Any CPU.ActiveCfg = Debug|Any CPU
		{61B5F258-9242-4FCD-A0F9-575E97A294C4}.Debug|Any CPU.Build.0 = Debug|Any CPU
		{61B5F258-9242-4FCD-A0F9-575E97A294C4}.Debug|x64.ActiveCfg = Debug|Any CPU
		{61B5F258-9242-4FCD-A0F9-575E97A294C4}.Debug|x64.Build.0 = Debug|Any CPU
		{61B5F258-9242-4FCD-A0F9-575E97A294C4}.Debug|x86.ActiveCfg = Debug|Any CPU
		{61B5F258-9242-4FCD-A0F9-575E97A294C4}.Debug|x86.Build.0 = Debug|Any CPU
		{61B5F258-9242-4FCD-A0F9-575E97A294C4}.Release|Any CPU.ActiveCfg = Release|Any CPU
		{61B5F258-9242-4FCD-A0F9-575E97A294C4}.Release|Any CPU.Build.0 = Release|Any CPU
		{61B5F258-9242-4FCD-A0F9-575E97A294C4}.Release|x64.ActiveCfg = Release|Any CPU
		{61B5F258-9242-4FCD-A0F9-575E97A294C4}.Release|x64.Build.0 = Release|Any CPU
		{61B5F258-9242-4FCD-A0F9-575E97A294C4}.Release|x86.ActiveCfg = Release|Any CPU
		{61B5F258-9242-4FCD-A0F9-575E97A294C4}.Release|x86.Build.0 = Release|Any CPU
		{79947B76-C284-472D-97E4-CFE94347D02C}.Debug|Any CPU.ActiveCfg = Debug|Any CPU
		{79947B76-C284-472D-97E4-CFE94347D02C}.Debug|Any CPU.Build.0 = Debug|Any CPU
		{79947B76-C284-472D-97E4-CFE94347D02C}.Debug|x64.ActiveCfg = Debug|Any CPU
		{79947B76-C284-472D-97E4-CFE94347D02C}.Debug|x64.Build.0 = Debug|Any CPU
		{79947B76-C284-472D-97E4-CFE94347D02C}.Debug|x86.ActiveCfg = Debug|Any CPU
		{79947B76-C284-472D-97E4-CFE94347D02C}.Debug|x86.Build.0 = Debug|Any CPU
		{79947B76-C284-472D-97E4-CFE94347D02C}.Release|Any CPU.ActiveCfg = Release|Any CPU
		{79947B76-C284-472D-97E4-CFE94347D02C}.Release|Any CPU.Build.0 = Release|Any CPU
		{79947B76-C284-472D-97E4-CFE94347D02C}.Release|x64.ActiveCfg = Release|Any CPU
		{79947B76-C284-472D-97E4-CFE94347D02C}.Release|x64.Build.0 = Release|Any CPU
		{79947B76-C284-472D-97E4-CFE94347D02C}.Release|x86.ActiveCfg = Release|Any CPU
		{79947B76-C284-472D-97E4-CFE94347D02C}.Release|x86.Build.0 = Release|Any CPU
		{D9CD1B4E-A8DC-42AF-8E1D-1BF336419F04}.Debug|Any CPU.ActiveCfg = Debug|Any CPU
		{D9CD1B4E-A8DC-42AF-8E1D-1BF336419F04}.Debug|Any CPU.Build.0 = Debug|Any CPU
		{D9CD1B4E-A8DC-42AF-8E1D-1BF336419F04}.Debug|x64.ActiveCfg = Debug|Any CPU
		{D9CD1B4E-A8DC-42AF-8E1D-1BF336419F04}.Debug|x64.Build.0 = Debug|Any CPU
		{D9CD1B4E-A8DC-42AF-8E1D-1BF336419F04}.Debug|x86.ActiveCfg = Debug|Any CPU
		{D9CD1B4E-A8DC-42AF-8E1D-1BF336419F04}.Debug|x86.Build.0 = Debug|Any CPU
		{D9CD1B4E-A8DC-42AF-8E1D-1BF336419F04}.Release|Any CPU.ActiveCfg = Release|Any CPU
		{D9CD1B4E-A8DC-42AF-8E1D-1BF336419F04}.Release|Any CPU.Build.0 = Release|Any CPU
		{D9CD1B4E-A8DC-42AF-8E1D-1BF336419F04}.Release|x64.ActiveCfg = Release|Any CPU
		{D9CD1B4E-A8DC-42AF-8E1D-1BF336419F04}.Release|x64.Build.0 = Release|Any CPU
		{D9CD1B4E-A8DC-42AF-8E1D-1BF336419F04}.Release|x86.ActiveCfg = Release|Any CPU
		{D9CD1B4E-A8DC-42AF-8E1D-1BF336419F04}.Release|x86.Build.0 = Release|Any CPU
		{E6853557-69E0-4116-BC4E-DD80E25C3015}.Debug|Any CPU.ActiveCfg = Debug|Any CPU
		{E6853557-69E0-4116-BC4E-DD80E25C3015}.Debug|Any CPU.Build.0 = Debug|Any CPU
		{E6853557-69E0-4116-BC4E-DD80E25C3015}.Debug|x64.ActiveCfg = Debug|Any CPU
		{E6853557-69E0-4116-BC4E-DD80E25C3015}.Debug|x64.Build.0 = Debug|Any CPU
		{E6853557-69E0-4116-BC4E-DD80E25C3015}.Debug|x86.ActiveCfg = Debug|Any CPU
		{E6853557-69E0-4116-BC4E-DD80E25C3015}.Debug|x86.Build.0 = Debug|Any CPU
		{E6853557-69E0-4116-BC4E-DD80E25C3015}.Release|Any CPU.ActiveCfg = Release|Any CPU
		{E6853557-69E0-4116-BC4E-DD80E25C3015}.Release|Any CPU.Build.0 = Release|Any CPU
		{E6853557-69E0-4116-BC4E-DD80E25C3015}.Release|x64.ActiveCfg = Release|Any CPU
		{E6853557-69E0-4116-BC4E-DD80E25C3015}.Release|x64.Build.0 = Release|Any CPU
		{E6853557-69E0-4116-BC4E-DD80E25C3015}.Release|x86.ActiveCfg = Release|Any CPU
		{E6853557-69E0-4116-BC4E-DD80E25C3015}.Release|x86.Build.0 = Release|Any CPU
		{FE4FF215-F6B1-4883-BF61-59451F9DB7C4}.Debug|Any CPU.ActiveCfg = Debug|Any CPU
		{FE4FF215-F6B1-4883-BF61-59451F9DB7C4}.Debug|Any CPU.Build.0 = Debug|Any CPU
		{FE4FF215-F6B1-4883-BF61-59451F9DB7C4}.Debug|x64.ActiveCfg = Debug|Any CPU
		{FE4FF215-F6B1-4883-BF61-59451F9DB7C4}.Debug|x64.Build.0 = Debug|Any CPU
		{FE4FF215-F6B1-4883-BF61-59451F9DB7C4}.Debug|x86.ActiveCfg = Debug|Any CPU
		{FE4FF215-F6B1-4883-BF61-59451F9DB7C4}.Debug|x86.Build.0 = Debug|Any CPU
		{FE4FF215-F6B1-4883-BF61-59451F9DB7C4}.Release|Any CPU.ActiveCfg = Release|Any CPU
		{FE4FF215-F6B1-4883-BF61-59451F9DB7C4}.Release|Any CPU.Build.0 = Release|Any CPU
		{FE4FF215-F6B1-4883-BF61-59451F9DB7C4}.Release|x64.ActiveCfg = Release|Any CPU
		{FE4FF215-F6B1-4883-BF61-59451F9DB7C4}.Release|x64.Build.0 = Release|Any CPU
		{FE4FF215-F6B1-4883-BF61-59451F9DB7C4}.Release|x86.ActiveCfg = Release|Any CPU
		{FE4FF215-F6B1-4883-BF61-59451F9DB7C4}.Release|x86.Build.0 = Release|Any CPU
		{77F98C8F-F6C7-4F53-A2AC-B8C4444B0899}.Debug|Any CPU.ActiveCfg = Debug|Any CPU
		{77F98C8F-F6C7-4F53-A2AC-B8C4444B0899}.Debug|Any CPU.Build.0 = Debug|Any CPU
		{77F98C8F-F6C7-4F53-A2AC-B8C4444B0899}.Debug|x64.ActiveCfg = Debug|Any CPU
		{77F98C8F-F6C7-4F53-A2AC-B8C4444B0899}.Debug|x64.Build.0 = Debug|Any CPU
		{77F98C8F-F6C7-4F53-A2AC-B8C4444B0899}.Debug|x86.ActiveCfg = Debug|Any CPU
		{77F98C8F-F6C7-4F53-A2AC-B8C4444B0899}.Debug|x86.Build.0 = Debug|Any CPU
		{77F98C8F-F6C7-4F53-A2AC-B8C4444B0899}.Release|Any CPU.ActiveCfg = Release|Any CPU
		{77F98C8F-F6C7-4F53-A2AC-B8C4444B0899}.Release|Any CPU.Build.0 = Release|Any CPU
		{77F98C8F-F6C7-4F53-A2AC-B8C4444B0899}.Release|x64.ActiveCfg = Release|Any CPU
		{77F98C8F-F6C7-4F53-A2AC-B8C4444B0899}.Release|x64.Build.0 = Release|Any CPU
		{77F98C8F-F6C7-4F53-A2AC-B8C4444B0899}.Release|x86.ActiveCfg = Release|Any CPU
		{77F98C8F-F6C7-4F53-A2AC-B8C4444B0899}.Release|x86.Build.0 = Release|Any CPU
		{BA26DFBC-D943-4819-B31E-CC74AB7BF2C3}.Debug|Any CPU.ActiveCfg = Debug|Any CPU
		{BA26DFBC-D943-4819-B31E-CC74AB7BF2C3}.Debug|Any CPU.Build.0 = Debug|Any CPU
		{BA26DFBC-D943-4819-B31E-CC74AB7BF2C3}.Debug|x64.ActiveCfg = Debug|Any CPU
		{BA26DFBC-D943-4819-B31E-CC74AB7BF2C3}.Debug|x64.Build.0 = Debug|Any CPU
		{BA26DFBC-D943-4819-B31E-CC74AB7BF2C3}.Debug|x86.ActiveCfg = Debug|Any CPU
		{BA26DFBC-D943-4819-B31E-CC74AB7BF2C3}.Debug|x86.Build.0 = Debug|Any CPU
		{BA26DFBC-D943-4819-B31E-CC74AB7BF2C3}.Release|Any CPU.ActiveCfg = Release|Any CPU
		{BA26DFBC-D943-4819-B31E-CC74AB7BF2C3}.Release|Any CPU.Build.0 = Release|Any CPU
		{BA26DFBC-D943-4819-B31E-CC74AB7BF2C3}.Release|x64.ActiveCfg = Release|Any CPU
		{BA26DFBC-D943-4819-B31E-CC74AB7BF2C3}.Release|x64.Build.0 = Release|Any CPU
		{BA26DFBC-D943-4819-B31E-CC74AB7BF2C3}.Release|x86.ActiveCfg = Release|Any CPU
		{BA26DFBC-D943-4819-B31E-CC74AB7BF2C3}.Release|x86.Build.0 = Release|Any CPU
		{0C490EDE-6EC6-4F8E-B52F-A21AB89F84C8}.Debug|Any CPU.ActiveCfg = Debug|Any CPU
		{0C490EDE-6EC6-4F8E-B52F-A21AB89F84C8}.Debug|Any CPU.Build.0 = Debug|Any CPU
		{0C490EDE-6EC6-4F8E-B52F-A21AB89F84C8}.Debug|x64.ActiveCfg = Debug|Any CPU
		{0C490EDE-6EC6-4F8E-B52F-A21AB89F84C8}.Debug|x64.Build.0 = Debug|Any CPU
		{0C490EDE-6EC6-4F8E-B52F-A21AB89F84C8}.Debug|x86.ActiveCfg = Debug|Any CPU
		{0C490EDE-6EC6-4F8E-B52F-A21AB89F84C8}.Debug|x86.Build.0 = Debug|Any CPU
		{0C490EDE-6EC6-4F8E-B52F-A21AB89F84C8}.Release|Any CPU.ActiveCfg = Release|Any CPU
		{0C490EDE-6EC6-4F8E-B52F-A21AB89F84C8}.Release|Any CPU.Build.0 = Release|Any CPU
		{0C490EDE-6EC6-4F8E-B52F-A21AB89F84C8}.Release|x64.ActiveCfg = Release|Any CPU
		{0C490EDE-6EC6-4F8E-B52F-A21AB89F84C8}.Release|x64.Build.0 = Release|Any CPU
		{0C490EDE-6EC6-4F8E-B52F-A21AB89F84C8}.Release|x86.ActiveCfg = Release|Any CPU
		{0C490EDE-6EC6-4F8E-B52F-A21AB89F84C8}.Release|x86.Build.0 = Release|Any CPU
		{7DCE83F0-C481-4792-89E7-62F95E06E643}.Debug|Any CPU.ActiveCfg = Debug|Any CPU
		{7DCE83F0-C481-4792-89E7-62F95E06E643}.Debug|Any CPU.Build.0 = Debug|Any CPU
		{7DCE83F0-C481-4792-89E7-62F95E06E643}.Debug|x64.ActiveCfg = Debug|Any CPU
		{7DCE83F0-C481-4792-89E7-62F95E06E643}.Debug|x64.Build.0 = Debug|Any CPU
		{7DCE83F0-C481-4792-89E7-62F95E06E643}.Debug|x86.ActiveCfg = Debug|Any CPU
		{7DCE83F0-C481-4792-89E7-62F95E06E643}.Debug|x86.Build.0 = Debug|Any CPU
		{7DCE83F0-C481-4792-89E7-62F95E06E643}.Release|Any CPU.ActiveCfg = Release|Any CPU
		{7DCE83F0-C481-4792-89E7-62F95E06E643}.Release|Any CPU.Build.0 = Release|Any CPU
		{7DCE83F0-C481-4792-89E7-62F95E06E643}.Release|x64.ActiveCfg = Release|Any CPU
		{7DCE83F0-C481-4792-89E7-62F95E06E643}.Release|x64.Build.0 = Release|Any CPU
		{7DCE83F0-C481-4792-89E7-62F95E06E643}.Release|x86.ActiveCfg = Release|Any CPU
		{7DCE83F0-C481-4792-89E7-62F95E06E643}.Release|x86.Build.0 = Release|Any CPU
		{2EAE0EF2-729B-45B7-94A6-7B6006220F58}.Debug|Any CPU.ActiveCfg = Debug|Any CPU
		{2EAE0EF2-729B-45B7-94A6-7B6006220F58}.Debug|Any CPU.Build.0 = Debug|Any CPU
		{2EAE0EF2-729B-45B7-94A6-7B6006220F58}.Debug|x64.ActiveCfg = Debug|Any CPU
		{2EAE0EF2-729B-45B7-94A6-7B6006220F58}.Debug|x64.Build.0 = Debug|Any CPU
		{2EAE0EF2-729B-45B7-94A6-7B6006220F58}.Debug|x86.ActiveCfg = Debug|Any CPU
		{2EAE0EF2-729B-45B7-94A6-7B6006220F58}.Debug|x86.Build.0 = Debug|Any CPU
		{2EAE0EF2-729B-45B7-94A6-7B6006220F58}.Release|Any CPU.ActiveCfg = Release|Any CPU
		{2EAE0EF2-729B-45B7-94A6-7B6006220F58}.Release|Any CPU.Build.0 = Release|Any CPU
		{2EAE0EF2-729B-45B7-94A6-7B6006220F58}.Release|x64.ActiveCfg = Release|Any CPU
		{2EAE0EF2-729B-45B7-94A6-7B6006220F58}.Release|x64.Build.0 = Release|Any CPU
		{2EAE0EF2-729B-45B7-94A6-7B6006220F58}.Release|x86.ActiveCfg = Release|Any CPU
		{2EAE0EF2-729B-45B7-94A6-7B6006220F58}.Release|x86.Build.0 = Release|Any CPU
		{FF50FAB2-F32C-48FB-8583-E4CE1B265DE0}.Debug|Any CPU.ActiveCfg = Debug|Any CPU
		{FF50FAB2-F32C-48FB-8583-E4CE1B265DE0}.Debug|Any CPU.Build.0 = Debug|Any CPU
		{FF50FAB2-F32C-48FB-8583-E4CE1B265DE0}.Debug|x64.ActiveCfg = Debug|Any CPU
		{FF50FAB2-F32C-48FB-8583-E4CE1B265DE0}.Debug|x64.Build.0 = Debug|Any CPU
		{FF50FAB2-F32C-48FB-8583-E4CE1B265DE0}.Debug|x86.ActiveCfg = Debug|Any CPU
		{FF50FAB2-F32C-48FB-8583-E4CE1B265DE0}.Debug|x86.Build.0 = Debug|Any CPU
		{FF50FAB2-F32C-48FB-8583-E4CE1B265DE0}.Release|Any CPU.ActiveCfg = Release|Any CPU
		{FF50FAB2-F32C-48FB-8583-E4CE1B265DE0}.Release|Any CPU.Build.0 = Release|Any CPU
		{FF50FAB2-F32C-48FB-8583-E4CE1B265DE0}.Release|x64.ActiveCfg = Release|Any CPU
		{FF50FAB2-F32C-48FB-8583-E4CE1B265DE0}.Release|x64.Build.0 = Release|Any CPU
		{FF50FAB2-F32C-48FB-8583-E4CE1B265DE0}.Release|x86.ActiveCfg = Release|Any CPU
		{FF50FAB2-F32C-48FB-8583-E4CE1B265DE0}.Release|x86.Build.0 = Release|Any CPU
		{2BA364F8-E7F0-4613-8C3A-A17C8DB9D139}.Debug|Any CPU.ActiveCfg = Debug|Any CPU
		{2BA364F8-E7F0-4613-8C3A-A17C8DB9D139}.Debug|Any CPU.Build.0 = Debug|Any CPU
		{2BA364F8-E7F0-4613-8C3A-A17C8DB9D139}.Debug|x64.ActiveCfg = Debug|Any CPU
		{2BA364F8-E7F0-4613-8C3A-A17C8DB9D139}.Debug|x64.Build.0 = Debug|Any CPU
		{2BA364F8-E7F0-4613-8C3A-A17C8DB9D139}.Debug|x86.ActiveCfg = Debug|Any CPU
		{2BA364F8-E7F0-4613-8C3A-A17C8DB9D139}.Debug|x86.Build.0 = Debug|Any CPU
		{2BA364F8-E7F0-4613-8C3A-A17C8DB9D139}.Release|Any CPU.ActiveCfg = Release|Any CPU
		{2BA364F8-E7F0-4613-8C3A-A17C8DB9D139}.Release|Any CPU.Build.0 = Release|Any CPU
		{2BA364F8-E7F0-4613-8C3A-A17C8DB9D139}.Release|x64.ActiveCfg = Release|Any CPU
		{2BA364F8-E7F0-4613-8C3A-A17C8DB9D139}.Release|x64.Build.0 = Release|Any CPU
		{2BA364F8-E7F0-4613-8C3A-A17C8DB9D139}.Release|x86.ActiveCfg = Release|Any CPU
		{2BA364F8-E7F0-4613-8C3A-A17C8DB9D139}.Release|x86.Build.0 = Release|Any CPU
	EndGlobalSection
	GlobalSection(SolutionProperties) = preSolution
		HideSolutionNode = FALSE
	EndGlobalSection
	GlobalSection(NestedProjects) = preSolution
		{A05D02CD-A66D-4A7F-8872-60216F6ADFD7} = {8C68E03A-5DF7-4DE9-9F4C-EF913CC7C588}
		{61B5F258-9242-4FCD-A0F9-575E97A294C4} = {689FFE4F-338A-4D7D-9297-C378A28E246E}
		{79947B76-C284-472D-97E4-CFE94347D02C} = {689FFE4F-338A-4D7D-9297-C378A28E246E}
		{D9CD1B4E-A8DC-42AF-8E1D-1BF336419F04} = {689FFE4F-338A-4D7D-9297-C378A28E246E}
		{E6853557-69E0-4116-BC4E-DD80E25C3015} = {689FFE4F-338A-4D7D-9297-C378A28E246E}
		{FE4FF215-F6B1-4883-BF61-59451F9DB7C4} = {6862FA70-EA39-A9CF-7AA4-E0148E6403B1}
		{77F98C8F-F6C7-4F53-A2AC-B8C4444B0899} = {6862FA70-EA39-A9CF-7AA4-E0148E6403B1}
		{BA26DFBC-D943-4819-B31E-CC74AB7BF2C3} = {6862FA70-EA39-A9CF-7AA4-E0148E6403B1}
		{0C490EDE-6EC6-4F8E-B52F-A21AB89F84C8} = {6862FA70-EA39-A9CF-7AA4-E0148E6403B1}
		{7DCE83F0-C481-4792-89E7-62F95E06E643} = {B0F9E72F-93CB-4055-9770-0DAD43E7F56F}
		{2EAE0EF2-729B-45B7-94A6-7B6006220F58} = {B0F9E72F-93CB-4055-9770-0DAD43E7F56F}
		{FF50FAB2-F32C-48FB-8583-E4CE1B265DE0} = {B0F9E72F-93CB-4055-9770-0DAD43E7F56F}
		{2BA364F8-E7F0-4613-8C3A-A17C8DB9D139} = {B0F9E72F-93CB-4055-9770-0DAD43E7F56F}
	EndGlobalSection
EndGlobal
